// !$*UTF8*$!
{
	archiveVersion = 1;
	classes = {
	};
	objectVersion = 55;
	objects = {

/* Begin PBXBuildFile section */
		1FA2CED527EE20C700EB838B /* AppDelegate.swift in Sources */ = {isa = PBXBuildFile; fileRef = 1FA2CED427EE20C700EB838B /* AppDelegate.swift */; };
		1FA2CED727EE20C700EB838B /* SceneDelegate.swift in Sources */ = {isa = PBXBuildFile; fileRef = 1FA2CED627EE20C700EB838B /* SceneDelegate.swift */; };
		1FA2CED927EE20C700EB838B /* ViewController.swift in Sources */ = {isa = PBXBuildFile; fileRef = 1FA2CED827EE20C700EB838B /* ViewController.swift */; };
		1FA2CEDC27EE20C700EB838B /* Main.storyboard in Resources */ = {isa = PBXBuildFile; fileRef = 1FA2CEDA27EE20C700EB838B /* Main.storyboard */; };
		1FA2CEDE27EE20C800EB838B /* Assets.xcassets in Resources */ = {isa = PBXBuildFile; fileRef = 1FA2CEDD27EE20C800EB838B /* Assets.xcassets */; };
		1FA2CEE127EE20C800EB838B /* LaunchScreen.storyboard in Resources */ = {isa = PBXBuildFile; fileRef = 1FA2CEDF27EE20C800EB838B /* LaunchScreen.storyboard */; };
		1FDA1CDB27F8B1E60023F260 /* GoogleService-Info.plist in Resources */ = {isa = PBXBuildFile; fileRef = 1FDA1CDA27F8B1E60023F260 /* GoogleService-Info.plist */; };
		1FDA1CDE27F8B4340023F260 /* FirebaseAnalytics in Frameworks */ = {isa = PBXBuildFile; productRef = 1FDA1CDD27F8B4340023F260 /* FirebaseAnalytics */; };
		1FDA1CE027F8B4340023F260 /* FirebaseAuth in Frameworks */ = {isa = PBXBuildFile; productRef = 1FDA1CDF27F8B4340023F260 /* FirebaseAuth */; };
		1FDA1CE227F8B4340023F260 /* FirebaseDatabase in Frameworks */ = {isa = PBXBuildFile; productRef = 1FDA1CE127F8B4340023F260 /* FirebaseDatabase */; };
		1FDA1D272809E7A20023F260 /* Auth.storyboard in Resources */ = {isa = PBXBuildFile; fileRef = 1FDA1D262809E7A20023F260 /* Auth.storyboard */; };
		1FDA1D292809EA310023F260 /* AuthRootViewController.swift in Sources */ = {isa = PBXBuildFile; fileRef = 1FDA1D282809EA310023F260 /* AuthRootViewController.swift */; };
		1FDA1D2B2809EA6E0023F260 /* LoginViewController.swift in Sources */ = {isa = PBXBuildFile; fileRef = 1FDA1D2A2809EA6E0023F260 /* LoginViewController.swift */; };
		1FDA1D2D2809EAFF0023F260 /* CreateAccountViewController.swift in Sources */ = {isa = PBXBuildFile; fileRef = 1FDA1D2C2809EAFF0023F260 /* CreateAccountViewController.swift */; };
/* End PBXBuildFile section */

/* Begin PBXFileReference section */
		1FA2CED127EE20C700EB838B /* ToDoList.app */ = {isa = PBXFileReference; explicitFileType = wrapper.application; includeInIndex = 0; path = ToDoList.app; sourceTree = BUILT_PRODUCTS_DIR; };
		1FA2CED427EE20C700EB838B /* AppDelegate.swift */ = {isa = PBXFileReference; lastKnownFileType = sourcecode.swift; path = AppDelegate.swift; sourceTree = "<group>"; };
		1FA2CED627EE20C700EB838B /* SceneDelegate.swift */ = {isa = PBXFileReference; lastKnownFileType = sourcecode.swift; path = SceneDelegate.swift; sourceTree = "<group>"; };
		1FA2CED827EE20C700EB838B /* ViewController.swift */ = {isa = PBXFileReference; lastKnownFileType = sourcecode.swift; path = ViewController.swift; sourceTree = "<group>"; };
		1FA2CEDB27EE20C700EB838B /* Base */ = {isa = PBXFileReference; lastKnownFileType = file.storyboard; name = Base; path = Base.lproj/Main.storyboard; sourceTree = "<group>"; };
		1FA2CEDD27EE20C800EB838B /* Assets.xcassets */ = {isa = PBXFileReference; lastKnownFileType = folder.assetcatalog; path = Assets.xcassets; sourceTree = "<group>"; };
		1FA2CEE027EE20C800EB838B /* Base */ = {isa = PBXFileReference; lastKnownFileType = file.storyboard; name = Base; path = Base.lproj/LaunchScreen.storyboard; sourceTree = "<group>"; };
		1FA2CEE227EE20C800EB838B /* Info.plist */ = {isa = PBXFileReference; lastKnownFileType = text.plist.xml; path = Info.plist; sourceTree = "<group>"; };
		1FDA1CDA27F8B1E60023F260 /* GoogleService-Info.plist */ = {isa = PBXFileReference; fileEncoding = 4; lastKnownFileType = text.plist.xml; path = "GoogleService-Info.plist"; sourceTree = "<group>"; };
		1FDA1D262809E7A20023F260 /* Auth.storyboard */ = {isa = PBXFileReference; lastKnownFileType = file.storyboard; path = Auth.storyboard; sourceTree = "<group>"; };
		1FDA1D282809EA310023F260 /* AuthRootViewController.swift */ = {isa = PBXFileReference; lastKnownFileType = sourcecode.swift; path = AuthRootViewController.swift; sourceTree = "<group>"; };
		1FDA1D2A2809EA6E0023F260 /* LoginViewController.swift */ = {isa = PBXFileReference; lastKnownFileType = sourcecode.swift; path = LoginViewController.swift; sourceTree = "<group>"; };
		1FDA1D2C2809EAFF0023F260 /* CreateAccountViewController.swift */ = {isa = PBXFileReference; lastKnownFileType = sourcecode.swift; path = CreateAccountViewController.swift; sourceTree = "<group>"; };
/* End PBXFileReference section */

/* Begin PBXFrameworksBuildPhase section */
		1FA2CECE27EE20C700EB838B /* Frameworks */ = {
			isa = PBXFrameworksBuildPhase;
			buildActionMask = 2147483647;
			files = (
				1FDA1CE227F8B4340023F260 /* FirebaseDatabase in Frameworks */,
				1FDA1CDE27F8B4340023F260 /* FirebaseAnalytics in Frameworks */,
				1FDA1CE027F8B4340023F260 /* FirebaseAuth in Frameworks */,
			);
			runOnlyForDeploymentPostprocessing = 0;
		};
/* End PBXFrameworksBuildPhase section */

/* Begin PBXGroup section */
		1FA2CEC827EE20C700EB838B = {
			isa = PBXGroup;
			children = (
				1FA2CED327EE20C700EB838B /* ToDoList */,
				1FA2CED227EE20C700EB838B /* Products */,
			);
			sourceTree = "<group>";
		};
		1FA2CED227EE20C700EB838B /* Products */ = {
			isa = PBXGroup;
			children = (
				1FA2CED127EE20C700EB838B /* ToDoList.app */,
			);
			name = Products;
			sourceTree = "<group>";
		};
		1FA2CED327EE20C700EB838B /* ToDoList */ = {
			isa = PBXGroup;
			children = (
				1FA2CED427EE20C700EB838B /* AppDelegate.swift */,
				1FA2CED627EE20C700EB838B /* SceneDelegate.swift */,
				1FA2CED827EE20C700EB838B /* ViewController.swift */,
				1FDA1D282809EA310023F260 /* AuthRootViewController.swift */,
				1FDA1D2A2809EA6E0023F260 /* LoginViewController.swift */,
				1FA2CEDA27EE20C700EB838B /* Main.storyboard */,
				1FDA1D262809E7A20023F260 /* Auth.storyboard */,
				1FDA1D2C2809EAFF0023F260 /* CreateAccountViewController.swift */,
				1FA2CEDD27EE20C800EB838B /* Assets.xcassets */,
				1FA2CEDF27EE20C800EB838B /* LaunchScreen.storyboard */,
				1FDA1CDA27F8B1E60023F260 /* GoogleService-Info.plist */,
				1FA2CEE227EE20C800EB838B /* Info.plist */,
			);
			path = ToDoList;
			sourceTree = "<group>";
		};
/* End PBXGroup section */

/* Begin PBXNativeTarget section */
		1FA2CED027EE20C700EB838B /* ToDoList */ = {
			isa = PBXNativeTarget;
			buildConfigurationList = 1FA2CEE527EE20C800EB838B /* Build configuration list for PBXNativeTarget "ToDoList" */;
			buildPhases = (
				1FA2CECD27EE20C700EB838B /* Sources */,
				1FA2CECE27EE20C700EB838B /* Frameworks */,
				1FA2CECF27EE20C700EB838B /* Resources */,
			);
			buildRules = (
			);
			dependencies = (
			);
			name = ToDoList;
			packageProductDependencies = (
				1FDA1CDD27F8B4340023F260 /* FirebaseAnalytics */,
				1FDA1CDF27F8B4340023F260 /* FirebaseAuth */,
				1FDA1CE127F8B4340023F260 /* FirebaseDatabase */,
			);
			productName = ToDoList;
			productReference = 1FA2CED127EE20C700EB838B /* ToDoList.app */;
			productType = "com.apple.product-type.application";
		};
/* End PBXNativeTarget section */

/* Begin PBXProject section */
		1FA2CEC927EE20C700EB838B /* Project object */ = {
			isa = PBXProject;
			attributes = {
				BuildIndependentTargetsInParallel = 1;
				LastSwiftUpdateCheck = 1330;
				LastUpgradeCheck = 1330;
				TargetAttributes = {
					1FA2CED027EE20C700EB838B = {
						CreatedOnToolsVersion = 13.3;
					};
				};
			};
			buildConfigurationList = 1FA2CECC27EE20C700EB838B /* Build configuration list for PBXProject "ToDoList" */;
			compatibilityVersion = "Xcode 13.0";
			developmentRegion = en;
			hasScannedForEncodings = 0;
			knownRegions = (
				en,
				Base,
			);
			mainGroup = 1FA2CEC827EE20C700EB838B;
			packageReferences = (
				1FDA1CDC27F8B4340023F260 /* XCRemoteSwiftPackageReference "firebase-ios-sdk" */,
			);
			productRefGroup = 1FA2CED227EE20C700EB838B /* Products */;
			projectDirPath = "";
			projectRoot = "";
			targets = (
				1FA2CED027EE20C700EB838B /* ToDoList */,
			);
		};
/* End PBXProject section */

/* Begin PBXResourcesBuildPhase section */
		1FA2CECF27EE20C700EB838B /* Resources */ = {
			isa = PBXResourcesBuildPhase;
			buildActionMask = 2147483647;
			files = (
				1FA2CEE127EE20C800EB838B /* LaunchScreen.storyboard in Resources */,
				1FDA1CDB27F8B1E60023F260 /* GoogleService-Info.plist in Resources */,
				1FDA1D272809E7A20023F260 /* Auth.storyboard in Resources */,
				1FA2CEDE27EE20C800EB838B /* Assets.xcassets in Resources */,
				1FA2CEDC27EE20C700EB838B /* Main.storyboard in Resources */,
			);
			runOnlyForDeploymentPostprocessing = 0;
		};
/* End PBXResourcesBuildPhase section */

/* Begin PBXSourcesBuildPhase section */
		1FA2CECD27EE20C700EB838B /* Sources */ = {
			isa = PBXSourcesBuildPhase;
			buildActionMask = 2147483647;
			files = (
				1FDA1D2D2809EAFF0023F260 /* CreateAccountViewController.swift in Sources */,
				1FDA1D292809EA310023F260 /* AuthRootViewController.swift in Sources */,
				1FA2CED927EE20C700EB838B /* ViewController.swift in Sources */,
				1FA2CED527EE20C700EB838B /* AppDelegate.swift in Sources */,
				1FDA1D2B2809EA6E0023F260 /* LoginViewController.swift in Sources */,
				1FA2CED727EE20C700EB838B /* SceneDelegate.swift in Sources */,
			);
			runOnlyForDeploymentPostprocessing = 0;
		};
/* End PBXSourcesBuildPhase section */

/* Begin PBXVariantGroup section */
		1FA2CEDA27EE20C700EB838B /* Main.storyboard */ = {
			isa = PBXVariantGroup;
			children = (
				1FA2CEDB27EE20C700EB838B /* Base */,
			);
			name = Main.storyboard;
			sourceTree = "<group>";
		};
		1FA2CEDF27EE20C800EB838B /* LaunchScreen.storyboard */ = {
			isa = PBXVariantGroup;
			children = (
				1FA2CEE027EE20C800EB838B /* Base */,
			);
			name = LaunchScreen.storyboard;
			sourceTree = "<group>";
		};
/* End PBXVariantGroup section */

/* Begin XCBuildConfiguration section */
		1FA2CEE327EE20C800EB838B /* Debug */ = {
			isa = XCBuildConfiguration;
			buildSettings = {
				ALWAYS_SEARCH_USER_PATHS = NO;
				CLANG_ANALYZER_NONNULL = YES;
				CLANG_ANALYZER_NUMBER_OBJECT_CONVERSION = YES_AGGRESSIVE;
				CLANG_CXX_LANGUAGE_STANDARD = "gnu++17";
				CLANG_ENABLE_MODULES = YES;
				CLANG_ENABLE_OBJC_ARC = YES;
				CLANG_ENABLE_OBJC_WEAK = YES;
				CLANG_WARN_BLOCK_CAPTURE_AUTORELEASING = YES;
				CLANG_WARN_BOOL_CONVERSION = YES;
				CLANG_WARN_COMMA = YES;
				CLANG_WARN_CONSTANT_CONVERSION = YES;
				CLANG_WARN_DEPRECATED_OBJC_IMPLEMENTATIONS = YES;
				CLANG_WARN_DIRECT_OBJC_ISA_USAGE = YES_ERROR;
				CLANG_WARN_DOCUMENTATION_COMMENTS = YES;
				CLANG_WARN_EMPTY_BODY = YES;
				CLANG_WARN_ENUM_CONVERSION = YES;
				CLANG_WARN_INFINITE_RECURSION = YES;
				CLANG_WARN_INT_CONVERSION = YES;
				CLANG_WARN_NON_LITERAL_NULL_CONVERSION = YES;
				CLANG_WARN_OBJC_IMPLICIT_RETAIN_SELF = YES;
				CLANG_WARN_OBJC_LITERAL_CONVERSION = YES;
				CLANG_WARN_OBJC_ROOT_CLASS = YES_ERROR;
				CLANG_WARN_QUOTED_INCLUDE_IN_FRAMEWORK_HEADER = YES;
				CLANG_WARN_RANGE_LOOP_ANALYSIS = YES;
				CLANG_WARN_STRICT_PROTOTYPES = YES;
				CLANG_WARN_SUSPICIOUS_MOVE = YES;
				CLANG_WARN_UNGUARDED_AVAILABILITY = YES_AGGRESSIVE;
				CLANG_WARN_UNREACHABLE_CODE = YES;
				CLANG_WARN__DUPLICATE_METHOD_MATCH = YES;
				COPY_PHASE_STRIP = NO;
				DEBUG_INFORMATION_FORMAT = dwarf;
				ENABLE_STRICT_OBJC_MSGSEND = YES;
				ENABLE_TESTABILITY = YES;
				GCC_C_LANGUAGE_STANDARD = gnu11;
				GCC_DYNAMIC_NO_PIC = NO;
				GCC_NO_COMMON_BLOCKS = YES;
				GCC_OPTIMIZATION_LEVEL = 0;
				GCC_PREPROCESSOR_DEFINITIONS = (
					"DEBUG=1",
					"$(inherited)",
				);
				GCC_WARN_64_TO_32_BIT_CONVERSION = YES;
				GCC_WARN_ABOUT_RETURN_TYPE = YES_ERROR;
				GCC_WARN_UNDECLARED_SELECTOR = YES;
				GCC_WARN_UNINITIALIZED_AUTOS = YES_AGGRESSIVE;
				GCC_WARN_UNUSED_FUNCTION = YES;
				GCC_WARN_UNUSED_VARIABLE = YES;
				IPHONEOS_DEPLOYMENT_TARGET = 15.4;
				MTL_ENABLE_DEBUG_INFO = INCLUDE_SOURCE;
				MTL_FAST_MATH = YES;
				ONLY_ACTIVE_ARCH = YES;
				SDKROOT = iphoneos;
				SWIFT_ACTIVE_COMPILATION_CONDITIONS = DEBUG;
				SWIFT_OPTIMIZATION_LEVEL = "-Onone";
			};
			name = Debug;
		};
		1FA2CEE427EE20C800EB838B /* Release */ = {
			isa = XCBuildConfiguration;
			buildSettings = {
				ALWAYS_SEARCH_USER_PATHS = NO;
				CLANG_ANALYZER_NONNULL = YES;
				CLANG_ANALYZER_NUMBER_OBJECT_CONVERSION = YES_AGGRESSIVE;
				CLANG_CXX_LANGUAGE_STANDARD = "gnu++17";
				CLANG_ENABLE_MODULES = YES;
				CLANG_ENABLE_OBJC_ARC = YES;
				CLANG_ENABLE_OBJC_WEAK = YES;
				CLANG_WARN_BLOCK_CAPTURE_AUTORELEASING = YES;
				CLANG_WARN_BOOL_CONVERSION = YES;
				CLANG_WARN_COMMA = YES;
				CLANG_WARN_CONSTANT_CONVERSION = YES;
				CLANG_WARN_DEPRECATED_OBJC_IMPLEMENTATIONS = YES;
				CLANG_WARN_DIRECT_OBJC_ISA_USAGE = YES_ERROR;
				CLANG_WARN_DOCUMENTATION_COMMENTS = YES;
				CLANG_WARN_EMPTY_BODY = YES;
				CLANG_WARN_ENUM_CONVERSION = YES;
				CLANG_WARN_INFINITE_RECURSION = YES;
				CLANG_WARN_INT_CONVERSION = YES;
				CLANG_WARN_NON_LITERAL_NULL_CONVERSION = YES;
				CLANG_WARN_OBJC_IMPLICIT_RETAIN_SELF = YES;
				CLANG_WARN_OBJC_LITERAL_CONVERSION = YES;
				CLANG_WARN_OBJC_ROOT_CLASS = YES_ERROR;
				CLANG_WARN_QUOTED_INCLUDE_IN_FRAMEWORK_HEADER = YES;
				CLANG_WARN_RANGE_LOOP_ANALYSIS = YES;
				CLANG_WARN_STRICT_PROTOTYPES = YES;
				CLANG_WARN_SUSPICIOUS_MOVE = YES;
				CLANG_WARN_UNGUARDED_AVAILABILITY = YES_AGGRESSIVE;
				CLANG_WARN_UNREACHABLE_CODE = YES;
				CLANG_WARN__DUPLICATE_METHOD_MATCH = YES;
				COPY_PHASE_STRIP = NO;
				DEBUG_INFORMATION_FORMAT = "dwarf-with-dsym";
				ENABLE_NS_ASSERTIONS = NO;
				ENABLE_STRICT_OBJC_MSGSEND = YES;
				GCC_C_LANGUAGE_STANDARD = gnu11;
				GCC_NO_COMMON_BLOCKS = YES;
				GCC_WARN_64_TO_32_BIT_CONVERSION = YES;
				GCC_WARN_ABOUT_RETURN_TYPE = YES_ERROR;
				GCC_WARN_UNDECLARED_SELECTOR = YES;
				GCC_WARN_UNINITIALIZED_AUTOS = YES_AGGRESSIVE;
				GCC_WARN_UNUSED_FUNCTION = YES;
				GCC_WARN_UNUSED_VARIABLE = YES;
				IPHONEOS_DEPLOYMENT_TARGET = 15.4;
				MTL_ENABLE_DEBUG_INFO = NO;
				MTL_FAST_MATH = YES;
				SDKROOT = iphoneos;
				SWIFT_COMPILATION_MODE = wholemodule;
				SWIFT_OPTIMIZATION_LEVEL = "-O";
				VALIDATE_PRODUCT = YES;
			};
			name = Release;
		};
		1FA2CEE627EE20C800EB838B /* Debug */ = {
			isa = XCBuildConfiguration;
			buildSettings = {
				ASSETCATALOG_COMPILER_APPICON_NAME = AppIcon;
				ASSETCATALOG_COMPILER_GLOBAL_ACCENT_COLOR_NAME = AccentColor;
				CODE_SIGN_STYLE = Automatic;
				CURRENT_PROJECT_VERSION = 1;
				DEVELOPMENT_TEAM = LRGPA678UA;
				GENERATE_INFOPLIST_FILE = YES;
				INFOPLIST_FILE = ToDoList/Info.plist;
				INFOPLIST_KEY_UIApplicationSupportsIndirectInputEvents = YES;
				INFOPLIST_KEY_UILaunchStoryboardName = LaunchScreen;
				INFOPLIST_KEY_UIMainStoryboardFile = Auth;
				INFOPLIST_KEY_UISupportedInterfaceOrientations_iPad = "UIInterfaceOrientationPortrait UIInterfaceOrientationPortraitUpsideDown UIInterfaceOrientationLandscapeLeft UIInterfaceOrientationLandscapeRight";
				INFOPLIST_KEY_UISupportedInterfaceOrientations_iPhone = "UIInterfaceOrientationPortrait UIInterfaceOrientationLandscapeLeft UIInterfaceOrientationLandscapeRight";
				LD_RUNPATH_SEARCH_PATHS = (
					"$(inherited)",
					"@executable_path/Frameworks",
				);
				MARKETING_VERSION = 1.0;
				PRODUCT_BUNDLE_IDENTIFIER = com.todolist.ToDoList;
				PRODUCT_NAME = "$(TARGET_NAME)";
				SWIFT_EMIT_LOC_STRINGS = YES;
				SWIFT_VERSION = 5.0;
				TARGETED_DEVICE_FAMILY = "1,2";
			};
			name = Debug;
		};
		1FA2CEE727EE20C800EB838B /* Release */ = {
			isa = XCBuildConfiguration;
			buildSettings = {
				ASSETCATALOG_COMPILER_APPICON_NAME = AppIcon;
				ASSETCATALOG_COMPILER_GLOBAL_ACCENT_COLOR_NAME = AccentColor;
				CODE_SIGN_STYLE = Automatic;
				CURRENT_PROJECT_VERSION = 1;
				DEVELOPMENT_TEAM = LRGPA678UA;
				GENERATE_INFOPLIST_FILE = YES;
				INFOPLIST_FILE = ToDoList/Info.plist;
				INFOPLIST_KEY_UIApplicationSupportsIndirectInputEvents = YES;
				INFOPLIST_KEY_UILaunchStoryboardName = LaunchScreen;
				INFOPLIST_KEY_UIMainStoryboardFile = Auth;
				INFOPLIST_KEY_UISupportedInterfaceOrientations_iPad = "UIInterfaceOrientationPortrait UIInterfaceOrientationPortraitUpsideDown UIInterfaceOrientationLandscapeLeft UIInterfaceOrientationLandscapeRight";
				INFOPLIST_KEY_UISupportedInterfaceOrientations_iPhone = "UIInterfaceOrientationPortrait UIInterfaceOrientationLandscapeLeft UIInterfaceOrientationLandscapeRight";
				LD_RUNPATH_SEARCH_PATHS = (
					"$(inherited)",
					"@executable_path/Frameworks",
				);
				MARKETING_VERSION = 1.0;
				PRODUCT_BUNDLE_IDENTIFIER = com.todolist.ToDoList;
				PRODUCT_NAME = "$(TARGET_NAME)";
				SWIFT_EMIT_LOC_STRINGS = YES;
				SWIFT_VERSION = 5.0;
				TARGETED_DEVICE_FAMILY = "1,2";
			};
			name = Release;
		};
/* End XCBuildConfiguration section */

/* Begin XCConfigurationList section */
		1FA2CECC27EE20C700EB838B /* Build configuration list for PBXProject "ToDoList" */ = {
			isa = XCConfigurationList;
			buildConfigurations = (
				1FA2CEE327EE20C800EB838B /* Debug */,
				1FA2CEE427EE20C800EB838B /* Release */,
			);
			defaultConfigurationIsVisible = 0;
			defaultConfigurationName = Release;
		};
		1FA2CEE527EE20C800EB838B /* Build configuration list for PBXNativeTarget "ToDoList" */ = {
			isa = XCConfigurationList;
			buildConfigurations = (
				1FA2CEE627EE20C800EB838B /* Debug */,
				1FA2CEE727EE20C800EB838B /* Release */,
			);
			defaultConfigurationIsVisible = 0;
			defaultConfigurationName = Release;
		};
/* End XCConfigurationList section */

/* Begin XCRemoteSwiftPackageReference section */
		1FDA1CDC27F8B4340023F260 /* XCRemoteSwiftPackageReference "firebase-ios-sdk" */ = {
			isa = XCRemoteSwiftPackageReference;
			repositoryURL = "https://github.com/firebase/firebase-ios-sdk";
			requirement = {
				kind = upToNextMajorVersion;
				minimumVersion = 8.0.0;
			};
		};
/* End XCRemoteSwiftPackageReference section */

/* Begin XCSwiftPackageProductDependency section */
		1FDA1CDD27F8B4340023F260 /* FirebaseAnalytics */ = {
			isa = XCSwiftPackageProductDependency;
			package = 1FDA1CDC27F8B4340023F260 /* XCRemoteSwiftPackageReference "firebase-ios-sdk" */;
			productName = FirebaseAnalytics;
		};
		1FDA1CDF27F8B4340023F260 /* FirebaseAuth */ = {
			isa = XCSwiftPackageProductDependency;
			package = 1FDA1CDC27F8B4340023F260 /* XCRemoteSwiftPackageReference "firebase-ios-sdk" */;
			productName = FirebaseAuth;
		};
		1FDA1CE127F8B4340023F260 /* FirebaseDatabase */ = {
			isa = XCSwiftPackageProductDependency;
			package = 1FDA1CDC27F8B4340023F260 /* XCRemoteSwiftPackageReference "firebase-ios-sdk" */;
			productName = FirebaseDatabase;
		};
/* End XCSwiftPackageProductDependency section */
	};
	rootObject = 1FA2CEC927EE20C700EB838B /* Project object */;
}
